
Microsoft Visual Studio Solution File, Format Version 12.00
# Visual Studio 2013
VisualStudioVersion = 12.0.30110.0
MinimumVisualStudioVersion = 10.0.40219.1
Project("{FAE04EC0-301F-11D3-BF4B-00C04F79EFBC}") = "Softbuild.Data.Isbn", "Softbuild.Data.Isbn\Softbuild.Data.Isbn.csproj", "{16A740AA-2D57-4E84-8C72-5E84DDB263C1}"
EndProject
Project("{FAE04EC0-301F-11D3-BF4B-00C04F79EFBC}") = "IsbnConvertTest", "IsbnConvertTest\IsbnConvertTest.csproj", "{61261FC0-3C53-4D1A-8829-767C5CF20995}"
EndProject
Global
	GlobalSection(SolutionConfigurationPlatforms) = preSolution
		Debug|Any CPU = Debug|Any CPU
		Release|Any CPU = Release|Any CPU
	EndGlobalSection
	GlobalSection(ProjectConfigurationPlatforms) = postSolution
		{16A740AA-2D57-4E84-8C72-5E84DDB263C1}.Debug|Any CPU.ActiveCfg = Debug|Any CPU
		{16A740AA-2D57-4E84-8C72-5E84DDB263C1}.Debug|Any CPU.Build.0 = Debug|Any CPU
		{16A740AA-2D57-4E84-8C72-5E84DDB263C1}.Release|Any CPU.ActiveCfg = Release|Any CPU
		{16A740AA-2D57-4E84-8C72-5E84DDB263C1}.Release|Any CPU.Build.0 = Release|Any CPU
		{61261FC0-3C53-4D1A-8829-767C5CF20995}.Debug|Any CPU.ActiveCfg = Debug|Any CPU
		{61261FC0-3C53-4D1A-8829-767C5CF20995}.Debug|Any CPU.Build.0 = Debug|Any CPU
		{61261FC0-3C53-4D1A-8829-767C5CF20995}.Release|Any CPU.ActiveCfg = Release|Any CPU
		{61261FC0-3C53-4D1A-8829-767C5CF20995}.Release|Any CPU.Build.0 = Release|Any CPU
	EndGlobalSection
	GlobalSection(SolutionProperties) = preSolution
		HideSolutionNode = FALSE
	EndGlobalSection
	GlobalSection(MonoDevelopProperties) = preSolution
		StartupItem = Softbuild.Data.Isbn\Softbuild.Data.Isbn.csproj
	EndGlobalSection
EndGlobal
